
Microsoft Visual Studio Solution File, Format Version 12.00
Project("{FAE04EC0-301F-11D3-BF4B-00C04F79EFBC}") = "testImage", "testImage\testImage.csproj", "{9A70673F-1C1F-47AE-AA8C-AE67E7F7ACAD}"
EndProject
Global
	GlobalSection(SolutionConfigurationPlatforms) = preSolution
		Debug|Any CPU = Debug|Any CPU
		Release|Any CPU = Release|Any CPU
	EndGlobalSection
	GlobalSection(ProjectConfigurationPlatforms) = postSolution
		{9A70673F-1C1F-47AE-AA8C-AE67E7F7ACAD}.Debug|Any CPU.ActiveCfg = Debug|Any CPU
		{9A70673F-1C1F-47AE-AA8C-AE67E7F7ACAD}.Debug|Any CPU.Build.0 = Debug|Any CPU
		{9A70673F-1C1F-47AE-AA8C-AE67E7F7ACAD}.Release|Any CPU.ActiveCfg = Release|Any CPU
		{9A70673F-1C1F-47AE-AA8C-AE67E7F7ACAD}.Release|Any CPU.Build.0 = Release|Any CPU
	EndGlobalSection
EndGlobal
